// !$*UTF8*$!
{
	archiveVersion = 1;
	classes = {
	};
	objectVersion = 46;
	objects = {

/* Begin PBXBuildFile section */
		5FF0F57227374219ACD267BA /* libPods.a in Frameworks */ = {isa = PBXBuildFile; fileRef = B48E46EBAE6040238F4620E9 /* libPods.a */; };
		874907391964311D00ED254D /* NSPEditRuleViewController.m in Sources */ = {isa = PBXBuildFile; fileRef = 874907371964311D00ED254D /* NSPEditRuleViewController.m */; };
		8749073A1964311D00ED254D /* NSPEditRuleViewController.xib in Resources */ = {isa = PBXBuildFile; fileRef = 874907381964311D00ED254D /* NSPEditRuleViewController.xib */; };
		879CAF591962E4AA00DF8492 /* NSPRuleTableViewCell.m in Sources */ = {isa = PBXBuildFile; fileRef = 879CAF581962E4AA00DF8492 /* NSPRuleTableViewCell.m */; };
		87A384CF196545D9003D2CFB /* NSPConfigureActionViewController.m in Sources */ = {isa = PBXBuildFile; fileRef = 879CAF5B1962F56D00DF8492 /* NSPConfigureActionViewController.m */; };
		87CBE39D197EB1B700CEB373 /* NSPGattWaitForDisconnectOperation.m in Sources */ = {isa = PBXBuildFile; fileRef = 87CBE39C197EB1B700CEB373 /* NSPGattWaitForDisconnectOperation.m */; };
		87CBE3A0197F97FC00CEB373 /* NSPPuckActuator.m in Sources */ = {isa = PBXBuildFile; fileRef = 87CBE39F197F97FC00CEB373 /* NSPPuckActuator.m */; };
		87FB58B619782B970079AF07 /* NSPIRCode.m in Sources */ = {isa = PBXBuildFile; fileRef = 87FB58B519782B970079AF07 /* NSPIRCode.m */; };
		87FB58B91979530C0079AF07 /* NSPMusicActuator.m in Sources */ = {isa = PBXBuildFile; fileRef = 87FB58B81979530C0079AF07 /* NSPMusicActuator.m */; };
		CC01978B195AF2800032A0E1 /* Puck.m in Sources */ = {isa = PBXBuildFile; fileRef = CC01978A195AF27F0032A0E1 /* Puck.m */; };
		CC20790119750AEB00205FB0 /* ServiceUUID.m in Sources */ = {isa = PBXBuildFile; fileRef = CC20790019750AEB00205FB0 /* ServiceUUID.m */; };
		CC2079051975142B00205FB0 /* NSPServiceUUIDController.m in Sources */ = {isa = PBXBuildFile; fileRef = CC2079041975142B00205FB0 /* NSPServiceUUIDController.m */; };
		CC20B18B1959A41B0084E3AB /* Foundation.framework in Frameworks */ = {isa = PBXBuildFile; fileRef = CC20B18A1959A41B0084E3AB /* Foundation.framework */; };
		CC20B18D1959A41B0084E3AB /* CoreGraphics.framework in Frameworks */ = {isa = PBXBuildFile; fileRef = CC20B18C1959A41B0084E3AB /* CoreGraphics.framework */; };
		CC20B18F1959A41B0084E3AB /* UIKit.framework in Frameworks */ = {isa = PBXBuildFile; fileRef = CC20B18E1959A41B0084E3AB /* UIKit.framework */; };
		CC20B1911959A41B0084E3AB /* CoreData.framework in Frameworks */ = {isa = PBXBuildFile; fileRef = CC20B1901959A41B0084E3AB /* CoreData.framework */; };
		CC20B1971959A41B0084E3AB /* InfoPlist.strings in Resources */ = {isa = PBXBuildFile; fileRef = CC20B1951959A41B0084E3AB /* InfoPlist.strings */; };
		CC20B1991959A41B0084E3AB /* main.m in Sources */ = {isa = PBXBuildFile; fileRef = CC20B1981959A41B0084E3AB /* main.m */; };
		CC20B19D1959A41B0084E3AB /* NSPAppDelegate.m in Sources */ = {isa = PBXBuildFile; fileRef = CC20B19C1959A41B0084E3AB /* NSPAppDelegate.m */; };
		CC20B1A01959A41B0084E3AB /* iEvere.xcdatamodeld in Sources */ = {isa = PBXBuildFile; fileRef = CC20B19E1959A41B0084E3AB /* iEvere.xcdatamodeld */; };
		CC20B1A21959A41B0084E3AB /* Images.xcassets in Resources */ = {isa = PBXBuildFile; fileRef = CC20B1A11959A41B0084E3AB /* Images.xcassets */; };
		CC20B1A91959A41B0084E3AB /* XCTest.framework in Frameworks */ = {isa = PBXBuildFile; fileRef = CC20B1A81959A41B0084E3AB /* XCTest.framework */; };
		CC20B1AA1959A41B0084E3AB /* Foundation.framework in Frameworks */ = {isa = PBXBuildFile; fileRef = CC20B18A1959A41B0084E3AB /* Foundation.framework */; };
		CC20B1AB1959A41B0084E3AB /* UIKit.framework in Frameworks */ = {isa = PBXBuildFile; fileRef = CC20B18E1959A41B0084E3AB /* UIKit.framework */; };
		CC20B1AC1959A41B0084E3AB /* CoreData.framework in Frameworks */ = {isa = PBXBuildFile; fileRef = CC20B1901959A41B0084E3AB /* CoreData.framework */; };
		CC20B1B41959A41B0084E3AB /* InfoPlist.strings in Resources */ = {isa = PBXBuildFile; fileRef = CC20B1B21959A41B0084E3AB /* InfoPlist.strings */; };
		CC20B1B61959A41B0084E3AB /* iEvereTests.m in Sources */ = {isa = PBXBuildFile; fileRef = CC20B1B51959A41B0084E3AB /* iEvereTests.m */; };
		CC20B1C51959AAF70084E3AB /* NSPInitialViewController.m in Sources */ = {isa = PBXBuildFile; fileRef = CC20B1C31959AAF70084E3AB /* NSPInitialViewController.m */; };
		CC20B1C61959AAF70084E3AB /* NSPInitialViewController.xib in Resources */ = {isa = PBXBuildFile; fileRef = CC20B1C41959AAF70084E3AB /* NSPInitialViewController.xib */; };
		CC22A28C197D05E400334D92 /* NSPGattSubscribeOperation.m in Sources */ = {isa = PBXBuildFile; fileRef = CC22A28B197D05E400334D92 /* NSPGattSubscribeOperation.m */; };
		CC22A290197D0A5E00334D92 /* NSPCubeManager.m in Sources */ = {isa = PBXBuildFile; fileRef = CC22A28F197D0A5E00334D92 /* NSPCubeManager.m */; };
		CC37956F195D85C300E8A0C8 /* NSPLocationManager.m in Sources */ = {isa = PBXBuildFile; fileRef = CC37956E195D85C300E8A0C8 /* NSPLocationManager.m */; };
		CC379572195D8FEF00E8A0C8 /* NSPPuckController.m in Sources */ = {isa = PBXBuildFile; fileRef = CC379571195D8FEF00E8A0C8 /* NSPPuckController.m */; };
		CC3795761961522300E8A0C8 /* Constants.m in Sources */ = {isa = PBXBuildFile; fileRef = CC3795751961522300E8A0C8 /* Constants.m */; };
		CC3AAAC0195AB29600DCA6C0 /* NSPSelectPuckViewController.m in Sources */ = {isa = PBXBuildFile; fileRef = CC3AAABE195AB29600DCA6C0 /* NSPSelectPuckViewController.m */; };
		CC3AAAC1195AB29600DCA6C0 /* NSPSelectPuckViewController.xib in Resources */ = {isa = PBXBuildFile; fileRef = CC3AAABF195AB29600DCA6C0 /* NSPSelectPuckViewController.xib */; };
		CC888AB41966CE3A00248026 /* NSPBluetoothManager.m in Sources */ = {isa = PBXBuildFile; fileRef = CC888AB11966CE3A00248026 /* NSPBluetoothManager.m */; };
		CC888AB51966CE3A00248026 /* NSPIRActuator.m in Sources */ = {isa = PBXBuildFile; fileRef = CC888AB31966CE3A00248026 /* NSPIRActuator.m */; };
		CCADFDC019742C9D00D85696 /* NSPUUIDUtils.m in Sources */ = {isa = PBXBuildFile; fileRef = CCADFDBF19742C9D00D85696 /* NSPUUIDUtils.m */; };
		CCCC23311977C9D00002F246 /* NSPGattDiscoverOperation.m in Sources */ = {isa = PBXBuildFile; fileRef = CCCC23301977C9CF0002F246 /* NSPGattDiscoverOperation.m */; };
		CCCC23341977CA520002F246 /* NSPGattWriteOperation.m in Sources */ = {isa = PBXBuildFile; fileRef = CCCC23331977CA520002F246 /* NSPGattWriteOperation.m */; };
		CCFBDA3D19617D54001B26B8 /* NSPAddTriggerViewController.m in Sources */ = {isa = PBXBuildFile; fileRef = CCFBDA3B19617D54001B26B8 /* NSPAddTriggerViewController.m */; };
		CCFBDA3E19617D54001B26B8 /* NSPAddTriggerViewController.xib in Resources */ = {isa = PBXBuildFile; fileRef = CCFBDA3C19617D54001B26B8 /* NSPAddTriggerViewController.xib */; };
		CCFBDA42196183D3001B26B8 /* NSPSelectActuatorViewController.m in Sources */ = {isa = PBXBuildFile; fileRef = CCFBDA40196183D3001B26B8 /* NSPSelectActuatorViewController.m */; };
		CCFBDA43196183D3001B26B8 /* NSPSelectActuatorViewController.xib in Resources */ = {isa = PBXBuildFile; fileRef = CCFBDA41196183D3001B26B8 /* NSPSelectActuatorViewController.xib */; };
		CCFBDA4819618561001B26B8 /* NSPHTTPActuator.m in Sources */ = {isa = PBXBuildFile; fileRef = CCFBDA4719618561001B26B8 /* NSPHTTPActuator.m */; };
		CCFBDA4B19618A22001B26B8 /* NSPActuatorController.m in Sources */ = {isa = PBXBuildFile; fileRef = CCFBDA4A19618A22001B26B8 /* NSPActuatorController.m */; };
		CCFBDA4E196194F3001B26B8 /* Rule.m in Sources */ = {isa = PBXBuildFile; fileRef = CCFBDA4D196194F3001B26B8 /* Rule.m */; };
		CCFBDA521961955E001B26B8 /* NSPRuleController.m in Sources */ = {isa = PBXBuildFile; fileRef = CCFBDA511961955E001B26B8 /* NSPRuleController.m */; };
		CCFBDA55196196D6001B26B8 /* Action.m in Sources */ = {isa = PBXBuildFile; fileRef = CCFBDA54196196D6001B26B8 /* Action.m */; };
		CCFBDA591961A058001B26B8 /* NSPActionController.m in Sources */ = {isa = PBXBuildFile; fileRef = CCFBDA581961A058001B26B8 /* NSPActionController.m */; };
/* End PBXBuildFile section */

/* Begin PBXContainerItemProxy section */
		CC20B1AD1959A41B0084E3AB /* PBXContainerItemProxy */ = {
			isa = PBXContainerItemProxy;
			containerPortal = CC20B17F1959A41B0084E3AB /* Project object */;
			proxyType = 1;
			remoteGlobalIDString = CC20B1861959A41B0084E3AB;
			remoteInfo = iEvere;
		};
		CC888AAC1966A33D00248026 /* PBXContainerItemProxy */ = {
			isa = PBXContainerItemProxy;
			containerPortal = CC20B17F1959A41B0084E3AB /* Project object */;
			proxyType = 1;
			remoteGlobalIDString = CC20B1861959A41B0084E3AB;
			remoteInfo = iEvere;
		};
		CC888AAE1966A35500248026 /* PBXContainerItemProxy */ = {
			isa = PBXContainerItemProxy;
			containerPortal = CC20B17F1959A41B0084E3AB /* Project object */;
			proxyType = 1;
			remoteGlobalIDString = CC20B1861959A41B0084E3AB;
			remoteInfo = iEvere;
		};
/* End PBXContainerItemProxy section */

/* Begin PBXFileReference section */
		874907361964311D00ED254D /* NSPEditRuleViewController.h */ = {isa = PBXFileReference; fileEncoding = 4; lastKnownFileType = sourcecode.c.h; path = NSPEditRuleViewController.h; sourceTree = "<group>"; };
		874907371964311D00ED254D /* NSPEditRuleViewController.m */ = {isa = PBXFileReference; fileEncoding = 4; lastKnownFileType = sourcecode.c.objc; path = NSPEditRuleViewController.m; sourceTree = "<group>"; };
		874907381964311D00ED254D /* NSPEditRuleViewController.xib */ = {isa = PBXFileReference; fileEncoding = 4; lastKnownFileType = file.xib; path = NSPEditRuleViewController.xib; sourceTree = "<group>"; };
		879CAF571962E4AA00DF8492 /* NSPRuleTableViewCell.h */ = {isa = PBXFileReference; fileEncoding = 4; lastKnownFileType = sourcecode.c.h; path = NSPRuleTableViewCell.h; sourceTree = "<group>"; };
		879CAF581962E4AA00DF8492 /* NSPRuleTableViewCell.m */ = {isa = PBXFileReference; fileEncoding = 4; lastKnownFileType = sourcecode.c.objc; path = NSPRuleTableViewCell.m; sourceTree = "<group>"; };
		879CAF5A1962F56D00DF8492 /* NSPConfigureActionViewController.h */ = {isa = PBXFileReference; fileEncoding = 4; lastKnownFileType = sourcecode.c.h; path = NSPConfigureActionViewController.h; sourceTree = "<group>"; };
		879CAF5B1962F56D00DF8492 /* NSPConfigureActionViewController.m */ = {isa = PBXFileReference; fileEncoding = 4; lastKnownFileType = sourcecode.c.objc; path = NSPConfigureActionViewController.m; sourceTree = "<group>"; };
		87CBE39B197EB1B700CEB373 /* NSPGattWaitForDisconnectOperation.h */ = {isa = PBXFileReference; fileEncoding = 4; lastKnownFileType = sourcecode.c.h; path = NSPGattWaitForDisconnectOperation.h; sourceTree = "<group>"; };
		87CBE39C197EB1B700CEB373 /* NSPGattWaitForDisconnectOperation.m */ = {isa = PBXFileReference; fileEncoding = 4; lastKnownFileType = sourcecode.c.objc; path = NSPGattWaitForDisconnectOperation.m; sourceTree = "<group>"; };
		87CBE39E197F97FC00CEB373 /* NSPPuckActuator.h */ = {isa = PBXFileReference; fileEncoding = 4; lastKnownFileType = sourcecode.c.h; path = NSPPuckActuator.h; sourceTree = "<group>"; };
		87CBE39F197F97FC00CEB373 /* NSPPuckActuator.m */ = {isa = PBXFileReference; fileEncoding = 4; lastKnownFileType = sourcecode.c.objc; path = NSPPuckActuator.m; sourceTree = "<group>"; };
		87FB58B419782B970079AF07 /* NSPIRCode.h */ = {isa = PBXFileReference; fileEncoding = 4; lastKnownFileType = sourcecode.c.h; path = NSPIRCode.h; sourceTree = "<group>"; };
		87FB58B519782B970079AF07 /* NSPIRCode.m */ = {isa = PBXFileReference; fileEncoding = 4; lastKnownFileType = sourcecode.c.objc; path = NSPIRCode.m; sourceTree = "<group>"; };
		87FB58B71979530C0079AF07 /* NSPMusicActuator.h */ = {isa = PBXFileReference; fileEncoding = 4; lastKnownFileType = sourcecode.c.h; path = NSPMusicActuator.h; sourceTree = "<group>"; };
		87FB58B81979530C0079AF07 /* NSPMusicActuator.m */ = {isa = PBXFileReference; fileEncoding = 4; lastKnownFileType = sourcecode.c.objc; path = NSPMusicActuator.m; sourceTree = "<group>"; };
		B48E46EBAE6040238F4620E9 /* libPods.a */ = {isa = PBXFileReference; explicitFileType = archive.ar; includeInIndex = 0; path = libPods.a; sourceTree = BUILT_PRODUCTS_DIR; };
		CC019789195AF27F0032A0E1 /* Puck.h */ = {isa = PBXFileReference; fileEncoding = 4; lastKnownFileType = sourcecode.c.h; path = Puck.h; sourceTree = "<group>"; };
		CC01978A195AF27F0032A0E1 /* Puck.m */ = {isa = PBXFileReference; fileEncoding = 4; lastKnownFileType = sourcecode.c.objc; path = Puck.m; sourceTree = "<group>"; };
		CC2078FF19750AEB00205FB0 /* ServiceUUID.h */ = {isa = PBXFileReference; fileEncoding = 4; lastKnownFileType = sourcecode.c.h; path = ServiceUUID.h; sourceTree = "<group>"; };
		CC20790019750AEB00205FB0 /* ServiceUUID.m */ = {isa = PBXFileReference; fileEncoding = 4; lastKnownFileType = sourcecode.c.objc; path = ServiceUUID.m; sourceTree = "<group>"; };
		CC2079031975142B00205FB0 /* NSPServiceUUIDController.h */ = {isa = PBXFileReference; fileEncoding = 4; lastKnownFileType = sourcecode.c.h; path = NSPServiceUUIDController.h; sourceTree = "<group>"; };
		CC2079041975142B00205FB0 /* NSPServiceUUIDController.m */ = {isa = PBXFileReference; fileEncoding = 4; lastKnownFileType = sourcecode.c.objc; path = NSPServiceUUIDController.m; sourceTree = "<group>"; };
		CC20B1871959A41B0084E3AB /* iEvere.app */ = {isa = PBXFileReference; explicitFileType = wrapper.application; includeInIndex = 0; path = iEvere.app; sourceTree = BUILT_PRODUCTS_DIR; };
		CC20B18A1959A41B0084E3AB /* Foundation.framework */ = {isa = PBXFileReference; lastKnownFileType = wrapper.framework; name = Foundation.framework; path = System/Library/Frameworks/Foundation.framework; sourceTree = SDKROOT; };
		CC20B18C1959A41B0084E3AB /* CoreGraphics.framework */ = {isa = PBXFileReference; lastKnownFileType = wrapper.framework; name = CoreGraphics.framework; path = System/Library/Frameworks/CoreGraphics.framework; sourceTree = SDKROOT; };
		CC20B18E1959A41B0084E3AB /* UIKit.framework */ = {isa = PBXFileReference; lastKnownFileType = wrapper.framework; name = UIKit.framework; path = System/Library/Frameworks/UIKit.framework; sourceTree = SDKROOT; };
		CC20B1901959A41B0084E3AB /* CoreData.framework */ = {isa = PBXFileReference; lastKnownFileType = wrapper.framework; name = CoreData.framework; path = System/Library/Frameworks/CoreData.framework; sourceTree = SDKROOT; };
		CC20B1941959A41B0084E3AB /* iEvere-Info.plist */ = {isa = PBXFileReference; lastKnownFileType = text.plist.xml; path = "iEvere-Info.plist"; sourceTree = "<group>"; };
		CC20B1961959A41B0084E3AB /* en */ = {isa = PBXFileReference; lastKnownFileType = text.plist.strings; name = en; path = en.lproj/InfoPlist.strings; sourceTree = "<group>"; };
		CC20B1981959A41B0084E3AB /* main.m */ = {isa = PBXFileReference; lastKnownFileType = sourcecode.c.objc; path = main.m; sourceTree = "<group>"; };
		CC20B19A1959A41B0084E3AB /* iEvere-Prefix.pch */ = {isa = PBXFileReference; lastKnownFileType = sourcecode.c.h; path = "iEvere-Prefix.pch"; sourceTree = "<group>"; };
		CC20B19B1959A41B0084E3AB /* NSPAppDelegate.h */ = {isa = PBXFileReference; lastKnownFileType = sourcecode.c.h; path = NSPAppDelegate.h; sourceTree = "<group>"; };
		CC20B19C1959A41B0084E3AB /* NSPAppDelegate.m */ = {isa = PBXFileReference; lastKnownFileType = sourcecode.c.objc; path = NSPAppDelegate.m; sourceTree = "<group>"; };
		CC20B19F1959A41B0084E3AB /* iEvere.xcdatamodel */ = {isa = PBXFileReference; lastKnownFileType = wrapper.xcdatamodel; path = iEvere.xcdatamodel; sourceTree = "<group>"; };
		CC20B1A11959A41B0084E3AB /* Images.xcassets */ = {isa = PBXFileReference; lastKnownFileType = folder.assetcatalog; path = Images.xcassets; sourceTree = "<group>"; };
		CC20B1A71959A41B0084E3AB /* iEvereTests.xctest */ = {isa = PBXFileReference; explicitFileType = wrapper.cfbundle; includeInIndex = 0; path = iEvereTests.xctest; sourceTree = BUILT_PRODUCTS_DIR; };
		CC20B1A81959A41B0084E3AB /* XCTest.framework */ = {isa = PBXFileReference; lastKnownFileType = wrapper.framework; name = XCTest.framework; path = Library/Frameworks/XCTest.framework; sourceTree = DEVELOPER_DIR; };
		CC20B1B11959A41B0084E3AB /* iEvereTests-Info.plist */ = {isa = PBXFileReference; lastKnownFileType = text.plist.xml; path = "iEvereTests-Info.plist"; sourceTree = "<group>"; };
		CC20B1B31959A41B0084E3AB /* en */ = {isa = PBXFileReference; lastKnownFileType = text.plist.strings; name = en; path = en.lproj/InfoPlist.strings; sourceTree = "<group>"; };
		CC20B1B51959A41B0084E3AB /* iEvereTests.m */ = {isa = PBXFileReference; lastKnownFileType = sourcecode.c.objc; path = iEvereTests.m; sourceTree = "<group>"; };
		CC20B1C21959AAF70084E3AB /* NSPInitialViewController.h */ = {isa = PBXFileReference; fileEncoding = 4; lastKnownFileType = sourcecode.c.h; path = NSPInitialViewController.h; sourceTree = "<group>"; };
		CC20B1C31959AAF70084E3AB /* NSPInitialViewController.m */ = {isa = PBXFileReference; fileEncoding = 4; lastKnownFileType = sourcecode.c.objc; path = NSPInitialViewController.m; sourceTree = "<group>"; };
		CC20B1C41959AAF70084E3AB /* NSPInitialViewController.xib */ = {isa = PBXFileReference; fileEncoding = 4; lastKnownFileType = file.xib; path = NSPInitialViewController.xib; sourceTree = "<group>"; };
		CC22A28A197D05E400334D92 /* NSPGattSubscribeOperation.h */ = {isa = PBXFileReference; fileEncoding = 4; lastKnownFileType = sourcecode.c.h; path = NSPGattSubscribeOperation.h; sourceTree = "<group>"; };
		CC22A28B197D05E400334D92 /* NSPGattSubscribeOperation.m */ = {isa = PBXFileReference; fileEncoding = 4; lastKnownFileType = sourcecode.c.objc; path = NSPGattSubscribeOperation.m; sourceTree = "<group>"; };
		CC22A28E197D0A5E00334D92 /* NSPCubeManager.h */ = {isa = PBXFileReference; fileEncoding = 4; lastKnownFileType = sourcecode.c.h; path = NSPCubeManager.h; sourceTree = "<group>"; };
		CC22A28F197D0A5E00334D92 /* NSPCubeManager.m */ = {isa = PBXFileReference; fileEncoding = 4; lastKnownFileType = sourcecode.c.objc; path = NSPCubeManager.m; sourceTree = "<group>"; };
		CC37956E195D85C300E8A0C8 /* NSPLocationManager.m */ = {isa = PBXFileReference; fileEncoding = 4; lastKnownFileType = sourcecode.c.objc; path = NSPLocationManager.m; sourceTree = "<group>"; };
		CC379570195D8FEF00E8A0C8 /* NSPPuckController.h */ = {isa = PBXFileReference; fileEncoding = 4; lastKnownFileType = sourcecode.c.h; path = NSPPuckController.h; sourceTree = "<group>"; };
		CC379571195D8FEF00E8A0C8 /* NSPPuckController.m */ = {isa = PBXFileReference; fileEncoding = 4; lastKnownFileType = sourcecode.c.objc; path = NSPPuckController.m; sourceTree = "<group>"; };
		CC3795741961522300E8A0C8 /* Constants.h */ = {isa = PBXFileReference; fileEncoding = 4; lastKnownFileType = sourcecode.c.h; path = Constants.h; sourceTree = "<group>"; };
		CC3795751961522300E8A0C8 /* Constants.m */ = {isa = PBXFileReference; fileEncoding = 4; lastKnownFileType = sourcecode.c.objc; path = Constants.m; sourceTree = "<group>"; };
		CC3AAABD195AB29600DCA6C0 /* NSPSelectPuckViewController.h */ = {isa = PBXFileReference; fileEncoding = 4; lastKnownFileType = sourcecode.c.h; path = NSPSelectPuckViewController.h; sourceTree = "<group>"; };
		CC3AAABE195AB29600DCA6C0 /* NSPSelectPuckViewController.m */ = {isa = PBXFileReference; fileEncoding = 4; lastKnownFileType = sourcecode.c.objc; path = NSPSelectPuckViewController.m; sourceTree = "<group>"; };
		CC3AAABF195AB29600DCA6C0 /* NSPSelectPuckViewController.xib */ = {isa = PBXFileReference; fileEncoding = 4; lastKnownFileType = file.xib; path = NSPSelectPuckViewController.xib; sourceTree = "<group>"; };
		CC888AB01966CE3A00248026 /* NSPBluetoothManager.h */ = {isa = PBXFileReference; fileEncoding = 4; lastKnownFileType = sourcecode.c.h; path = NSPBluetoothManager.h; sourceTree = "<group>"; };
		CC888AB11966CE3A00248026 /* NSPBluetoothManager.m */ = {isa = PBXFileReference; fileEncoding = 4; lastKnownFileType = sourcecode.c.objc; path = NSPBluetoothManager.m; sourceTree = "<group>"; };
		CC888AB21966CE3A00248026 /* NSPIRActuator.h */ = {isa = PBXFileReference; fileEncoding = 4; lastKnownFileType = sourcecode.c.h; path = NSPIRActuator.h; sourceTree = "<group>"; };
		CC888AB31966CE3A00248026 /* NSPIRActuator.m */ = {isa = PBXFileReference; fileEncoding = 4; lastKnownFileType = sourcecode.c.objc; path = NSPIRActuator.m; sourceTree = "<group>"; };
		CC888AB71966DDA500248026 /* NSPLocationManager.h */ = {isa = PBXFileReference; fileEncoding = 4; lastKnownFileType = sourcecode.c.h; path = NSPLocationManager.h; sourceTree = "<group>"; };
		CCADFDBE19742C9D00D85696 /* NSPUUIDUtils.h */ = {isa = PBXFileReference; fileEncoding = 4; lastKnownFileType = sourcecode.c.h; path = NSPUUIDUtils.h; sourceTree = "<group>"; };
		CCADFDBF19742C9D00D85696 /* NSPUUIDUtils.m */ = {isa = PBXFileReference; fileEncoding = 4; lastKnownFileType = sourcecode.c.objc; path = NSPUUIDUtils.m; sourceTree = "<group>"; };
		CCCC232F1977C9CF0002F246 /* NSPGattDiscoverOperation.h */ = {isa = PBXFileReference; fileEncoding = 4; lastKnownFileType = sourcecode.c.h; path = NSPGattDiscoverOperation.h; sourceTree = "<group>"; };
		CCCC23301977C9CF0002F246 /* NSPGattDiscoverOperation.m */ = {isa = PBXFileReference; fileEncoding = 4; lastKnownFileType = sourcecode.c.objc; path = NSPGattDiscoverOperation.m; sourceTree = "<group>"; };
		CCCC23321977CA520002F246 /* NSPGattWriteOperation.h */ = {isa = PBXFileReference; fileEncoding = 4; lastKnownFileType = sourcecode.c.h; path = NSPGattWriteOperation.h; sourceTree = "<group>"; };
		CCCC23331977CA520002F246 /* NSPGattWriteOperation.m */ = {isa = PBXFileReference; fileEncoding = 4; lastKnownFileType = sourcecode.c.objc; path = NSPGattWriteOperation.m; sourceTree = "<group>"; };
		CCCC23351977FB950002F246 /* NSPGattOperation.h */ = {isa = PBXFileReference; fileEncoding = 4; lastKnownFileType = sourcecode.c.h; path = NSPGattOperation.h; sourceTree = "<group>"; };
		CCFBDA3A19617D54001B26B8 /* NSPAddTriggerViewController.h */ = {isa = PBXFileReference; fileEncoding = 4; lastKnownFileType = sourcecode.c.h; path = NSPAddTriggerViewController.h; sourceTree = "<group>"; };
		CCFBDA3B19617D54001B26B8 /* NSPAddTriggerViewController.m */ = {isa = PBXFileReference; fileEncoding = 4; lastKnownFileType = sourcecode.c.objc; path = NSPAddTriggerViewController.m; sourceTree = "<group>"; };
		CCFBDA3C19617D54001B26B8 /* NSPAddTriggerViewController.xib */ = {isa = PBXFileReference; fileEncoding = 4; lastKnownFileType = file.xib; path = NSPAddTriggerViewController.xib; sourceTree = "<group>"; };
		CCFBDA3F196183D3001B26B8 /* NSPSelectActuatorViewController.h */ = {isa = PBXFileReference; fileEncoding = 4; lastKnownFileType = sourcecode.c.h; path = NSPSelectActuatorViewController.h; sourceTree = "<group>"; };
		CCFBDA40196183D3001B26B8 /* NSPSelectActuatorViewController.m */ = {isa = PBXFileReference; fileEncoding = 4; lastKnownFileType = sourcecode.c.objc; path = NSPSelectActuatorViewController.m; sourceTree = "<group>"; };
		CCFBDA41196183D3001B26B8 /* NSPSelectActuatorViewController.xib */ = {isa = PBXFileReference; fileEncoding = 4; lastKnownFileType = file.xib; path = NSPSelectActuatorViewController.xib; sourceTree = "<group>"; };
		CCFBDA4519618517001B26B8 /* NSPActuator.h */ = {isa = PBXFileReference; lastKnownFileType = sourcecode.c.h; path = NSPActuator.h; sourceTree = "<group>"; };
		CCFBDA4619618561001B26B8 /* NSPHTTPActuator.h */ = {isa = PBXFileReference; fileEncoding = 4; lastKnownFileType = sourcecode.c.h; path = NSPHTTPActuator.h; sourceTree = "<group>"; };
		CCFBDA4719618561001B26B8 /* NSPHTTPActuator.m */ = {isa = PBXFileReference; fileEncoding = 4; lastKnownFileType = sourcecode.c.objc; path = NSPHTTPActuator.m; sourceTree = "<group>"; };
		CCFBDA4919618A22001B26B8 /* NSPActuatorController.h */ = {isa = PBXFileReference; fileEncoding = 4; lastKnownFileType = sourcecode.c.h; path = NSPActuatorController.h; sourceTree = "<group>"; };
		CCFBDA4A19618A22001B26B8 /* NSPActuatorController.m */ = {isa = PBXFileReference; fileEncoding = 4; lastKnownFileType = sourcecode.c.objc; path = NSPActuatorController.m; sourceTree = "<group>"; };
		CCFBDA4C196194F3001B26B8 /* Rule.h */ = {isa = PBXFileReference; fileEncoding = 4; lastKnownFileType = sourcecode.c.h; path = Rule.h; sourceTree = "<group>"; };
		CCFBDA4D196194F3001B26B8 /* Rule.m */ = {isa = PBXFileReference; fileEncoding = 4; lastKnownFileType = sourcecode.c.objc; path = Rule.m; sourceTree = "<group>"; };
		CCFBDA501961955E001B26B8 /* NSPRuleController.h */ = {isa = PBXFileReference; fileEncoding = 4; lastKnownFileType = sourcecode.c.h; path = NSPRuleController.h; sourceTree = "<group>"; };
		CCFBDA511961955E001B26B8 /* NSPRuleController.m */ = {isa = PBXFileReference; fileEncoding = 4; lastKnownFileType = sourcecode.c.objc; path = NSPRuleController.m; sourceTree = "<group>"; };
		CCFBDA53196196D6001B26B8 /* Action.h */ = {isa = PBXFileReference; fileEncoding = 4; lastKnownFileType = sourcecode.c.h; path = Action.h; sourceTree = "<group>"; };
		CCFBDA54196196D6001B26B8 /* Action.m */ = {isa = PBXFileReference; fileEncoding = 4; lastKnownFileType = sourcecode.c.objc; path = Action.m; sourceTree = "<group>"; };
		CCFBDA571961A058001B26B8 /* NSPActionController.h */ = {isa = PBXFileReference; fileEncoding = 4; lastKnownFileType = sourcecode.c.h; path = NSPActionController.h; sourceTree = "<group>"; };
		CCFBDA581961A058001B26B8 /* NSPActionController.m */ = {isa = PBXFileReference; fileEncoding = 4; lastKnownFileType = sourcecode.c.objc; path = NSPActionController.m; sourceTree = "<group>"; };
		DF418DD3E5AA4EC6A888FD0C /* Pods.xcconfig */ = {isa = PBXFileReference; includeInIndex = 1; lastKnownFileType = text.xcconfig; name = Pods.xcconfig; path = Pods/Pods.xcconfig; sourceTree = "<group>"; };
/* End PBXFileReference section */

/* Begin PBXFrameworksBuildPhase section */
		CC20B1841959A41B0084E3AB /* Frameworks */ = {
			isa = PBXFrameworksBuildPhase;
			buildActionMask = 2147483647;
			files = (
				CC20B18D1959A41B0084E3AB /* CoreGraphics.framework in Frameworks */,
				CC20B1911959A41B0084E3AB /* CoreData.framework in Frameworks */,
				CC20B18F1959A41B0084E3AB /* UIKit.framework in Frameworks */,
				CC20B18B1959A41B0084E3AB /* Foundation.framework in Frameworks */,
				5FF0F57227374219ACD267BA /* libPods.a in Frameworks */,
			);
			runOnlyForDeploymentPostprocessing = 0;
		};
		CC20B1A41959A41B0084E3AB /* Frameworks */ = {
			isa = PBXFrameworksBuildPhase;
			buildActionMask = 2147483647;
			files = (
				CC20B1A91959A41B0084E3AB /* XCTest.framework in Frameworks */,
				CC20B1AC1959A41B0084E3AB /* CoreData.framework in Frameworks */,
				CC20B1AB1959A41B0084E3AB /* UIKit.framework in Frameworks */,
				CC20B1AA1959A41B0084E3AB /* Foundation.framework in Frameworks */,
			);
			runOnlyForDeploymentPostprocessing = 0;
		};
/* End PBXFrameworksBuildPhase section */

/* Begin PBXGroup section */
		874907351964310100ED254D /* Edit Rule UI */ = {
			isa = PBXGroup;
			children = (
				874907361964311D00ED254D /* NSPEditRuleViewController.h */,
				874907371964311D00ED254D /* NSPEditRuleViewController.m */,
				874907381964311D00ED254D /* NSPEditRuleViewController.xib */,
			);
			name = "Edit Rule UI";
			sourceTree = "<group>";
		};
		879CAF561962D5A700DF8492 /* Add Rule UI */ = {
			isa = PBXGroup;
			children = (
				CC3AAABD195AB29600DCA6C0 /* NSPSelectPuckViewController.h */,
				CC3AAABE195AB29600DCA6C0 /* NSPSelectPuckViewController.m */,
				CC3AAABF195AB29600DCA6C0 /* NSPSelectPuckViewController.xib */,
				CCFBDA3A19617D54001B26B8 /* NSPAddTriggerViewController.h */,
				CCFBDA3B19617D54001B26B8 /* NSPAddTriggerViewController.m */,
				CCFBDA3C19617D54001B26B8 /* NSPAddTriggerViewController.xib */,
				CCFBDA3F196183D3001B26B8 /* NSPSelectActuatorViewController.h */,
				CCFBDA40196183D3001B26B8 /* NSPSelectActuatorViewController.m */,
				CCFBDA41196183D3001B26B8 /* NSPSelectActuatorViewController.xib */,
				879CAF5A1962F56D00DF8492 /* NSPConfigureActionViewController.h */,
				879CAF5B1962F56D00DF8492 /* NSPConfigureActionViewController.m */,
			);
			name = "Add Rule UI";
			sourceTree = "<group>";
		};
		CC019788195AE5EB0032A0E1 /* Puck */ = {
			isa = PBXGroup;
			children = (
				CC379570195D8FEF00E8A0C8 /* NSPPuckController.h */,
				CC379571195D8FEF00E8A0C8 /* NSPPuckController.m */,
				CC019789195AF27F0032A0E1 /* Puck.h */,
				CC01978A195AF27F0032A0E1 /* Puck.m */,
			);
			name = Puck;
			sourceTree = "<group>";
		};
		CC2079021975131100205FB0 /* ServiceUUID */ = {
			isa = PBXGroup;
			children = (
				CC2079031975142B00205FB0 /* NSPServiceUUIDController.h */,
				CC2079041975142B00205FB0 /* NSPServiceUUIDController.m */,
				CC2078FF19750AEB00205FB0 /* ServiceUUID.h */,
				CC20790019750AEB00205FB0 /* ServiceUUID.m */,
			);
			name = ServiceUUID;
			sourceTree = "<group>";
		};
		CC20B17E1959A41B0084E3AB = {
			isa = PBXGroup;
			children = (
				CC20B1921959A41B0084E3AB /* iEvere */,
				CC20B1AF1959A41B0084E3AB /* iEvereTests */,
				CC20B1891959A41B0084E3AB /* Frameworks */,
				CC20B1881959A41B0084E3AB /* Products */,
				DF418DD3E5AA4EC6A888FD0C /* Pods.xcconfig */,
			);
			sourceTree = "<group>";
		};
		CC20B1881959A41B0084E3AB /* Products */ = {
			isa = PBXGroup;
			children = (
				CC20B1871959A41B0084E3AB /* iEvere.app */,
				CC20B1A71959A41B0084E3AB /* iEvereTests.xctest */,
			);
			name = Products;
			sourceTree = "<group>";
		};
		CC20B1891959A41B0084E3AB /* Frameworks */ = {
			isa = PBXGroup;
			children = (
				CC20B18A1959A41B0084E3AB /* Foundation.framework */,
				CC20B18C1959A41B0084E3AB /* CoreGraphics.framework */,
				CC20B18E1959A41B0084E3AB /* UIKit.framework */,
				CC20B1901959A41B0084E3AB /* CoreData.framework */,
				CC20B1A81959A41B0084E3AB /* XCTest.framework */,
				B48E46EBAE6040238F4620E9 /* libPods.a */,
			);
			name = Frameworks;
			sourceTree = "<group>";
		};
		CC20B1921959A41B0084E3AB /* iEvere */ = {
			isa = PBXGroup;
			children = (
				CC20B19B1959A41B0084E3AB /* NSPAppDelegate.h */,
				CC20B19C1959A41B0084E3AB /* NSPAppDelegate.m */,
				CC3795741961522300E8A0C8 /* Constants.h */,
				CC3795751961522300E8A0C8 /* Constants.m */,
				CC20B1A11959A41B0084E3AB /* Images.xcassets */,
				CC20B19E1959A41B0084E3AB /* iEvere.xcdatamodeld */,
				CC20B1931959A41B0084E3AB /* Supporting Files */,
				CC20B1C21959AAF70084E3AB /* NSPInitialViewController.h */,
				CC20B1C31959AAF70084E3AB /* NSPInitialViewController.m */,
				879CAF571962E4AA00DF8492 /* NSPRuleTableViewCell.h */,
				879CAF581962E4AA00DF8492 /* NSPRuleTableViewCell.m */,
				CC20B1C41959AAF70084E3AB /* NSPInitialViewController.xib */,
				879CAF561962D5A700DF8492 /* Add Rule UI */,
				874907351964310100ED254D /* Edit Rule UI */,
				CC888AB61966CE4100248026 /* Bluetooth */,
				CCCC232E1977C9130002F246 /* Operations */,
				CC22A28D197D0A4E00334D92 /* Cube */,
				CC37956C195D85AE00E8A0C8 /* Location */,
				CC019788195AE5EB0032A0E1 /* Puck */,
				CCFBDA4F19619543001B26B8 /* Rule */,
				CCFBDA561961A043001B26B8 /* Action */,
				CCFBDA4419618502001B26B8 /* Actuators */,
				CC2079021975131100205FB0 /* ServiceUUID */,
				CCADFDBD19742C6300D85696 /* Utils */,
			);
			path = iEvere;
			sourceTree = "<group>";
		};
		CC20B1931959A41B0084E3AB /* Supporting Files */ = {
			isa = PBXGroup;
			children = (
				CC20B1941959A41B0084E3AB /* iEvere-Info.plist */,
				CC20B1951959A41B0084E3AB /* InfoPlist.strings */,
				CC20B1981959A41B0084E3AB /* main.m */,
				CC20B19A1959A41B0084E3AB /* iEvere-Prefix.pch */,
			);
			name = "Supporting Files";
			sourceTree = "<group>";
		};
		CC20B1AF1959A41B0084E3AB /* iEvereTests */ = {
			isa = PBXGroup;
			children = (
				CC20B1B51959A41B0084E3AB /* iEvereTests.m */,
				CC20B1B01959A41B0084E3AB /* Supporting Files */,
			);
			path = iEvereTests;
			sourceTree = "<group>";
		};
		CC20B1B01959A41B0084E3AB /* Supporting Files */ = {
			isa = PBXGroup;
			children = (
				CC20B1B11959A41B0084E3AB /* iEvereTests-Info.plist */,
				CC20B1B21959A41B0084E3AB /* InfoPlist.strings */,
			);
			name = "Supporting Files";
			sourceTree = "<group>";
		};
		CC22A28D197D0A4E00334D92 /* Cube */ = {
			isa = PBXGroup;
			children = (
				CC22A28E197D0A5E00334D92 /* NSPCubeManager.h */,
				CC22A28F197D0A5E00334D92 /* NSPCubeManager.m */,
			);
			name = Cube;
			sourceTree = "<group>";
		};
		CC37956C195D85AE00E8A0C8 /* Location */ = {
			isa = PBXGroup;
			children = (
				CC888AB71966DDA500248026 /* NSPLocationManager.h */,
				CC37956E195D85C300E8A0C8 /* NSPLocationManager.m */,
			);
			name = Location;
			sourceTree = "<group>";
		};
		CC888AB61966CE4100248026 /* Bluetooth */ = {
			isa = PBXGroup;
			children = (
				CC888AB01966CE3A00248026 /* NSPBluetoothManager.h */,
				CC888AB11966CE3A00248026 /* NSPBluetoothManager.m */,
			);
			name = Bluetooth;
			sourceTree = "<group>";
		};
		CCADFDBD19742C6300D85696 /* Utils */ = {
			isa = PBXGroup;
			children = (
				CCADFDBE19742C9D00D85696 /* NSPUUIDUtils.h */,
				CCADFDBF19742C9D00D85696 /* NSPUUIDUtils.m */,
			);
			name = Utils;
			sourceTree = "<group>";
		};
		CCCC232E1977C9130002F246 /* Operations */ = {
			isa = PBXGroup;
			children = (
				CCCC23351977FB950002F246 /* NSPGattOperation.h */,
				CCCC232F1977C9CF0002F246 /* NSPGattDiscoverOperation.h */,
				CCCC23301977C9CF0002F246 /* NSPGattDiscoverOperation.m */,
				CC22A28A197D05E400334D92 /* NSPGattSubscribeOperation.h */,
				CC22A28B197D05E400334D92 /* NSPGattSubscribeOperation.m */,
				CCCC23321977CA520002F246 /* NSPGattWriteOperation.h */,
				CCCC23331977CA520002F246 /* NSPGattWriteOperation.m */,
				87CBE39B197EB1B700CEB373 /* NSPGattWaitForDisconnectOperation.h */,
				87CBE39C197EB1B700CEB373 /* NSPGattWaitForDisconnectOperation.m */,
			);
			name = Operations;
			sourceTree = "<group>";
		};
		CCFBDA4419618502001B26B8 /* Actuators */ = {
			isa = PBXGroup;
			children = (
				CCFBDA4519618517001B26B8 /* NSPActuator.h */,
				87CBE39E197F97FC00CEB373 /* NSPPuckActuator.h */,
				87CBE39F197F97FC00CEB373 /* NSPPuckActuator.m */,
				CCFBDA4919618A22001B26B8 /* NSPActuatorController.h */,
				CCFBDA4A19618A22001B26B8 /* NSPActuatorController.m */,
				CCFBDA4619618561001B26B8 /* NSPHTTPActuator.h */,
				CCFBDA4719618561001B26B8 /* NSPHTTPActuator.m */,
				CC888AB21966CE3A00248026 /* NSPIRActuator.h */,
				CC888AB31966CE3A00248026 /* NSPIRActuator.m */,
				87FB58B419782B970079AF07 /* NSPIRCode.h */,
				87FB58B519782B970079AF07 /* NSPIRCode.m */,
				87FB58B71979530C0079AF07 /* NSPMusicActuator.h */,
				87FB58B81979530C0079AF07 /* NSPMusicActuator.m */,
			);
			name = Actuators;
			sourceTree = "<group>";
		};
		CCFBDA4F19619543001B26B8 /* Rule */ = {
			isa = PBXGroup;
			children = (
				CCFBDA501961955E001B26B8 /* NSPRuleController.h */,
				CCFBDA511961955E001B26B8 /* NSPRuleController.m */,
				CCFBDA4C196194F3001B26B8 /* Rule.h */,
				CCFBDA4D196194F3001B26B8 /* Rule.m */,
			);
			name = Rule;
			sourceTree = "<group>";
		};
		CCFBDA561961A043001B26B8 /* Action */ = {
			isa = PBXGroup;
			children = (
				CCFBDA571961A058001B26B8 /* NSPActionController.h */,
				CCFBDA581961A058001B26B8 /* NSPActionController.m */,
				CCFBDA53196196D6001B26B8 /* Action.h */,
				CCFBDA54196196D6001B26B8 /* Action.m */,
			);
			name = Action;
			sourceTree = "<group>";
		};
/* End PBXGroup section */

/* Begin PBXNativeTarget section */
		CC20B1861959A41B0084E3AB /* iEvere */ = {
			isa = PBXNativeTarget;
			buildConfigurationList = CC20B1B91959A41B0084E3AB /* Build configuration list for PBXNativeTarget "iEvere" */;
			buildPhases = (
				E82F3A0C603042EB86C3AB08 /* Check Pods Manifest.lock */,
				CC20B1831959A41B0084E3AB /* Sources */,
				CC20B1841959A41B0084E3AB /* Frameworks */,
				CC20B1851959A41B0084E3AB /* Resources */,
				55EB26F878C44C6387A6EF30 /* Copy Pods Resources */,
			);
			buildRules = (
			);
			dependencies = (
			);
			name = iEvere;
			productName = iEvere;
			productReference = CC20B1871959A41B0084E3AB /* iEvere.app */;
			productType = "com.apple.product-type.application";
		};
		CC20B1A61959A41B0084E3AB /* iEvereTests */ = {
			isa = PBXNativeTarget;
			buildConfigurationList = CC20B1BC1959A41B0084E3AB /* Build configuration list for PBXNativeTarget "iEvereTests" */;
			buildPhases = (
				CC20B1A31959A41B0084E3AB /* Sources */,
				CC20B1A41959A41B0084E3AB /* Frameworks */,
				CC20B1A51959A41B0084E3AB /* Resources */,
			);
			buildRules = (
			);
			dependencies = (
				CC20B1AE1959A41B0084E3AB /* PBXTargetDependency */,
				CC888AAD1966A33D00248026 /* PBXTargetDependency */,
				CC888AAF1966A35500248026 /* PBXTargetDependency */,
			);
			name = iEvereTests;
			productName = iEvereTests;
			productReference = CC20B1A71959A41B0084E3AB /* iEvereTests.xctest */;
			productType = "com.apple.product-type.bundle.unit-test";
		};
/* End PBXNativeTarget section */

/* Begin PBXProject section */
		CC20B17F1959A41B0084E3AB /* Project object */ = {
			isa = PBXProject;
			attributes = {
				CLASSPREFIX = NSP;
				LastUpgradeCheck = 0500;
				ORGANIZATIONNAME = "Nordic Semiconductor";
				TargetAttributes = {
					CC20B1861959A41B0084E3AB = {
						DevelopmentTeam = 5SRR4YDD2S;
					};
					CC20B1A61959A41B0084E3AB = {
						TestTargetID = CC20B1861959A41B0084E3AB;
					};
				};
			};
			buildConfigurationList = CC20B1821959A41B0084E3AB /* Build configuration list for PBXProject "iEvere" */;
			compatibilityVersion = "Xcode 3.2";
			developmentRegion = English;
			hasScannedForEncodings = 0;
			knownRegions = (
				en,
			);
			mainGroup = CC20B17E1959A41B0084E3AB;
			productRefGroup = CC20B1881959A41B0084E3AB /* Products */;
			projectDirPath = "";
			projectRoot = "";
			targets = (
				CC20B1861959A41B0084E3AB /* iEvere */,
				CC20B1A61959A41B0084E3AB /* iEvereTests */,
			);
		};
/* End PBXProject section */

/* Begin PBXResourcesBuildPhase section */
		CC20B1851959A41B0084E3AB /* Resources */ = {
			isa = PBXResourcesBuildPhase;
			buildActionMask = 2147483647;
			files = (
				CC20B1C61959AAF70084E3AB /* NSPInitialViewController.xib in Resources */,
				8749073A1964311D00ED254D /* NSPEditRuleViewController.xib in Resources */,
				CCFBDA3E19617D54001B26B8 /* NSPAddTriggerViewController.xib in Resources */,
				CC3AAAC1195AB29600DCA6C0 /* NSPSelectPuckViewController.xib in Resources */,
				CC20B1971959A41B0084E3AB /* InfoPlist.strings in Resources */,
				CC20B1A21959A41B0084E3AB /* Images.xcassets in Resources */,
				CCFBDA43196183D3001B26B8 /* NSPSelectActuatorViewController.xib in Resources */,
			);
			runOnlyForDeploymentPostprocessing = 0;
		};
		CC20B1A51959A41B0084E3AB /* Resources */ = {
			isa = PBXResourcesBuildPhase;
			buildActionMask = 2147483647;
			files = (
				CC20B1B41959A41B0084E3AB /* InfoPlist.strings in Resources */,
			);
			runOnlyForDeploymentPostprocessing = 0;
		};
/* End PBXResourcesBuildPhase section */

/* Begin PBXShellScriptBuildPhase section */
		55EB26F878C44C6387A6EF30 /* Copy Pods Resources */ = {
			isa = PBXShellScriptBuildPhase;
			buildActionMask = 2147483647;
			files = (
			);
			inputPaths = (
			);
			name = "Copy Pods Resources";
			outputPaths = (
			);
			runOnlyForDeploymentPostprocessing = 0;
			shellPath = /bin/sh;
			shellScript = "\"${SRCROOT}/Pods/Pods-resources.sh\"\n";
			showEnvVarsInLog = 0;
		};
		E82F3A0C603042EB86C3AB08 /* Check Pods Manifest.lock */ = {
			isa = PBXShellScriptBuildPhase;
			buildActionMask = 2147483647;
			files = (
			);
			inputPaths = (
			);
			name = "Check Pods Manifest.lock";
			outputPaths = (
			);
			runOnlyForDeploymentPostprocessing = 0;
			shellPath = /bin/sh;
			shellScript = "diff \"${PODS_ROOT}/../Podfile.lock\" \"${PODS_ROOT}/Manifest.lock\" > /dev/null\nif [[ $? != 0 ]] ; then\n    cat << EOM\nerror: The sandbox is not in sync with the Podfile.lock. Run 'pod install' or update your CocoaPods installation.\nEOM\n    exit 1\nfi\n";
			showEnvVarsInLog = 0;
		};
/* End PBXShellScriptBuildPhase section */

/* Begin PBXSourcesBuildPhase section */
		CC20B1831959A41B0084E3AB /* Sources */ = {
			isa = PBXSourcesBuildPhase;
			buildActionMask = 2147483647;
			files = (
				87A384CF196545D9003D2CFB /* NSPConfigureActionViewController.m in Sources */,
				CCFBDA4819618561001B26B8 /* NSPHTTPActuator.m in Sources */,
				CCFBDA55196196D6001B26B8 /* Action.m in Sources */,
				CC888AB51966CE3A00248026 /* NSPIRActuator.m in Sources */,
				CC3795761961522300E8A0C8 /* Constants.m in Sources */,
				879CAF591962E4AA00DF8492 /* NSPRuleTableViewCell.m in Sources */,
				CCFBDA42196183D3001B26B8 /* NSPSelectActuatorViewController.m in Sources */,
				CCCC23341977CA520002F246 /* NSPGattWriteOperation.m in Sources */,
				CC22A290197D0A5E00334D92 /* NSPCubeManager.m in Sources */,
				CCFBDA4B19618A22001B26B8 /* NSPActuatorController.m in Sources */,
				CC20790119750AEB00205FB0 /* ServiceUUID.m in Sources */,
				CC22A28C197D05E400334D92 /* NSPGattSubscribeOperation.m in Sources */,
				CC20B19D1959A41B0084E3AB /* NSPAppDelegate.m in Sources */,
				87FB58B619782B970079AF07 /* NSPIRCode.m in Sources */,
				CC20B1991959A41B0084E3AB /* main.m in Sources */,
				CC888AB41966CE3A00248026 /* NSPBluetoothManager.m in Sources */,
				CCFBDA3D19617D54001B26B8 /* NSPAddTriggerViewController.m in Sources */,
				CC37956F195D85C300E8A0C8 /* NSPLocationManager.m in Sources */,
				CC20B1C51959AAF70084E3AB /* NSPInitialViewController.m in Sources */,
				CC3AAAC0195AB29600DCA6C0 /* NSPSelectPuckViewController.m in Sources */,
				CC01978B195AF2800032A0E1 /* Puck.m in Sources */,
				87CBE39D197EB1B700CEB373 /* NSPGattWaitForDisconnectOperation.m in Sources */,
				CC20B1A01959A41B0084E3AB /* iEvere.xcdatamodeld in Sources */,
				87FB58B91979530C0079AF07 /* NSPMusicActuator.m in Sources */,
				CC379572195D8FEF00E8A0C8 /* NSPPuckController.m in Sources */,
				87CBE3A0197F97FC00CEB373 /* NSPPuckActuator.m in Sources */,
				CCFBDA4E196194F3001B26B8 /* Rule.m in Sources */,
				CCFBDA521961955E001B26B8 /* NSPRuleController.m in Sources */,
				874907391964311D00ED254D /* NSPEditRuleViewController.m in Sources */,
				CCADFDC019742C9D00D85696 /* NSPUUIDUtils.m in Sources */,
				CCFBDA591961A058001B26B8 /* NSPActionController.m in Sources */,
				CCCC23311977C9D00002F246 /* NSPGattDiscoverOperation.m in Sources */,
				CC2079051975142B00205FB0 /* NSPServiceUUIDController.m in Sources */,
			);
			runOnlyForDeploymentPostprocessing = 0;
		};
		CC20B1A31959A41B0084E3AB /* Sources */ = {
			isa = PBXSourcesBuildPhase;
			buildActionMask = 2147483647;
			files = (
				CC20B1B61959A41B0084E3AB /* iEvereTests.m in Sources */,
			);
			runOnlyForDeploymentPostprocessing = 0;
		};
/* End PBXSourcesBuildPhase section */

/* Begin PBXTargetDependency section */
		CC20B1AE1959A41B0084E3AB /* PBXTargetDependency */ = {
			isa = PBXTargetDependency;
			target = CC20B1861959A41B0084E3AB /* iEvere */;
			targetProxy = CC20B1AD1959A41B0084E3AB /* PBXContainerItemProxy */;
		};
		CC888AAD1966A33D00248026 /* PBXTargetDependency */ = {
			isa = PBXTargetDependency;
			target = CC20B1861959A41B0084E3AB /* iEvere */;
			targetProxy = CC888AAC1966A33D00248026 /* PBXContainerItemProxy */;
		};
		CC888AAF1966A35500248026 /* PBXTargetDependency */ = {
			isa = PBXTargetDependency;
			target = CC20B1861959A41B0084E3AB /* iEvere */;
			targetProxy = CC888AAE1966A35500248026 /* PBXContainerItemProxy */;
		};
/* End PBXTargetDependency section */

/* Begin PBXVariantGroup section */
		CC20B1951959A41B0084E3AB /* InfoPlist.strings */ = {
			isa = PBXVariantGroup;
			children = (
				CC20B1961959A41B0084E3AB /* en */,
			);
			name = InfoPlist.strings;
			sourceTree = "<group>";
		};
		CC20B1B21959A41B0084E3AB /* InfoPlist.strings */ = {
			isa = PBXVariantGroup;
			children = (
				CC20B1B31959A41B0084E3AB /* en */,
			);
			name = InfoPlist.strings;
			sourceTree = "<group>";
		};
/* End PBXVariantGroup section */

/* Begin XCBuildConfiguration section */
		CC20B1B71959A41B0084E3AB /* Debug */ = {
			isa = XCBuildConfiguration;
			buildSettings = {
				ALWAYS_SEARCH_USER_PATHS = NO;
				ARCHS = "$(ARCHS_STANDARD_INCLUDING_64_BIT)";
				CLANG_CXX_LANGUAGE_STANDARD = "gnu++0x";
				CLANG_CXX_LIBRARY = "libc++";
				CLANG_ENABLE_MODULES = YES;
				CLANG_ENABLE_OBJC_ARC = YES;
				CLANG_WARN_BOOL_CONVERSION = YES;
				CLANG_WARN_CONSTANT_CONVERSION = YES;
				CLANG_WARN_DIRECT_OBJC_ISA_USAGE = YES_ERROR;
				CLANG_WARN_EMPTY_BODY = YES;
				CLANG_WARN_ENUM_CONVERSION = YES;
				CLANG_WARN_INT_CONVERSION = YES;
				CLANG_WARN_OBJC_ROOT_CLASS = YES_ERROR;
				CLANG_WARN__DUPLICATE_METHOD_MATCH = YES;
				"CODE_SIGN_IDENTITY[sdk=iphoneos*]" = "iPhone Developer";
				COPY_PHASE_STRIP = NO;
				GCC_C_LANGUAGE_STANDARD = gnu99;
				GCC_DYNAMIC_NO_PIC = NO;
				GCC_OPTIMIZATION_LEVEL = 0;
				GCC_PREPROCESSOR_DEFINITIONS = (
					"DEBUG=1",
					"$(inherited)",
				);
				GCC_SYMBOLS_PRIVATE_EXTERN = NO;
				GCC_WARN_64_TO_32_BIT_CONVERSION = YES;
				GCC_WARN_ABOUT_RETURN_TYPE = YES_ERROR;
				GCC_WARN_UNDECLARED_SELECTOR = YES;
				GCC_WARN_UNINITIALIZED_AUTOS = YES;
				GCC_WARN_UNUSED_FUNCTION = YES;
				GCC_WARN_UNUSED_VARIABLE = YES;
				IPHONEOS_DEPLOYMENT_TARGET = 7.0;
				ONLY_ACTIVE_ARCH = YES;
				SDKROOT = iphoneos7.1;
			};
			name = Debug;
		};
		CC20B1B81959A41B0084E3AB /* Release */ = {
			isa = XCBuildConfiguration;
			buildSettings = {
				ALWAYS_SEARCH_USER_PATHS = NO;
				ARCHS = "$(ARCHS_STANDARD_INCLUDING_64_BIT)";
				CLANG_CXX_LANGUAGE_STANDARD = "gnu++0x";
				CLANG_CXX_LIBRARY = "libc++";
				CLANG_ENABLE_MODULES = YES;
				CLANG_ENABLE_OBJC_ARC = YES;
				CLANG_WARN_BOOL_CONVERSION = YES;
				CLANG_WARN_CONSTANT_CONVERSION = YES;
				CLANG_WARN_DIRECT_OBJC_ISA_USAGE = YES_ERROR;
				CLANG_WARN_EMPTY_BODY = YES;
				CLANG_WARN_ENUM_CONVERSION = YES;
				CLANG_WARN_INT_CONVERSION = YES;
				CLANG_WARN_OBJC_ROOT_CLASS = YES_ERROR;
				CLANG_WARN__DUPLICATE_METHOD_MATCH = YES;
				"CODE_SIGN_IDENTITY[sdk=iphoneos*]" = "iPhone Developer";
				COPY_PHASE_STRIP = YES;
				ENABLE_NS_ASSERTIONS = NO;
				GCC_C_LANGUAGE_STANDARD = gnu99;
				GCC_WARN_64_TO_32_BIT_CONVERSION = YES;
				GCC_WARN_ABOUT_RETURN_TYPE = YES_ERROR;
				GCC_WARN_UNDECLARED_SELECTOR = YES;
				GCC_WARN_UNINITIALIZED_AUTOS = YES;
				GCC_WARN_UNUSED_FUNCTION = YES;
				GCC_WARN_UNUSED_VARIABLE = YES;
				IPHONEOS_DEPLOYMENT_TARGET = 7.0;
				SDKROOT = iphoneos7.1;
				VALIDATE_PRODUCT = YES;
			};
			name = Release;
		};
		CC20B1BA1959A41B0084E3AB /* Debug */ = {
			isa = XCBuildConfiguration;
			baseConfigurationReference = DF418DD3E5AA4EC6A888FD0C /* Pods.xcconfig */;
			buildSettings = {
				ASSETCATALOG_COMPILER_APPICON_NAME = AppIcon;
				ASSETCATALOG_COMPILER_LAUNCHIMAGE_NAME = LaunchImage;
				CODE_SIGN_IDENTITY = "iPhone Developer";
				"CODE_SIGN_IDENTITY[sdk=iphoneos*]" = "iPhone Developer";
				GCC_PRECOMPILE_PREFIX_HEADER = YES;
				GCC_PREFIX_HEADER = "iEvere/iEvere-Prefix.pch";
				INFOPLIST_FILE = "iEvere/iEvere-Info.plist";
				PRODUCT_NAME = "$(TARGET_NAME)";
				PROVISIONING_PROFILE = "";
				SDKROOT = iphoneos7.1;
				WRAPPER_EXTENSION = app;
			};
			name = Debug;
		};
		CC20B1BB1959A41B0084E3AB /* Release */ = {
			isa = XCBuildConfiguration;
			baseConfigurationReference = DF418DD3E5AA4EC6A888FD0C /* Pods.xcconfig */;
			buildSettings = {
				ASSETCATALOG_COMPILER_APPICON_NAME = AppIcon;
				ASSETCATALOG_COMPILER_LAUNCHIMAGE_NAME = LaunchImage;
				CODE_SIGN_IDENTITY = "iPhone Developer";
				"CODE_SIGN_IDENTITY[sdk=iphoneos*]" = "iPhone Developer";
				GCC_PRECOMPILE_PREFIX_HEADER = YES;
				GCC_PREFIX_HEADER = "iEvere/iEvere-Prefix.pch";
				INFOPLIST_FILE = "iEvere/iEvere-Info.plist";
				PRODUCT_NAME = "$(TARGET_NAME)";
				PROVISIONING_PROFILE = "";
				SDKROOT = iphoneos7.1;
				WRAPPER_EXTENSION = app;
			};
			name = Release;
		};
		CC20B1BD1959A41B0084E3AB /* Debug */ = {
			isa = XCBuildConfiguration;
			buildSettings = {
				ARCHS = "$(ARCHS_STANDARD_INCLUDING_64_BIT)";
				BUNDLE_LOADER = "$(BUILT_PRODUCTS_DIR)/iEvere.app/iEvere";
				FRAMEWORK_SEARCH_PATHS = (
					"$(SDKROOT)/Developer/Library/Frameworks",
					"$(inherited)",
					"$(DEVELOPER_FRAMEWORKS_DIR)",
				);
				GCC_PRECOMPILE_PREFIX_HEADER = YES;
				GCC_PREFIX_HEADER = "iEvere/iEvere-Prefix.pch";
				GCC_PREPROCESSOR_DEFINITIONS = (
					"DEBUG=1",
					"$(inherited)",
				);
				INFOPLIST_FILE = "iEvereTests/iEvereTests-Info.plist";
				PRODUCT_NAME = "$(TARGET_NAME)";
				SDKROOT = iphoneos7.1;
				TEST_HOST = "$(BUNDLE_LOADER)";
				WRAPPER_EXTENSION = xctest;
			};
			name = Debug;
		};
		CC20B1BE1959A41B0084E3AB /* Release */ = {
			isa = XCBuildConfiguration;
			buildSettings = {
				ARCHS = "$(ARCHS_STANDARD_INCLUDING_64_BIT)";
				BUNDLE_LOADER = "$(BUILT_PRODUCTS_DIR)/iEvere.app/iEvere";
				FRAMEWORK_SEARCH_PATHS = (
					"$(SDKROOT)/Developer/Library/Frameworks",
					"$(inherited)",
					"$(DEVELOPER_FRAMEWORKS_DIR)",
				);
				GCC_PRECOMPILE_PREFIX_HEADER = YES;
				GCC_PREFIX_HEADER = "iEvere/iEvere-Prefix.pch";
				INFOPLIST_FILE = "iEvereTests/iEvereTests-Info.plist";
				PRODUCT_NAME = "$(TARGET_NAME)";
				SDKROOT = iphoneos7.1;
				TEST_HOST = "$(BUNDLE_LOADER)";
				WRAPPER_EXTENSION = xctest;
			};
			name = Release;
		};
/* End XCBuildConfiguration section */

/* Begin XCConfigurationList section */
		CC20B1821959A41B0084E3AB /* Build configuration list for PBXProject "iEvere" */ = {
			isa = XCConfigurationList;
			buildConfigurations = (
				CC20B1B71959A41B0084E3AB /* Debug */,
				CC20B1B81959A41B0084E3AB /* Release */,
			);
			defaultConfigurationIsVisible = 0;
			defaultConfigurationName = Release;
		};
		CC20B1B91959A41B0084E3AB /* Build configuration list for PBXNativeTarget "iEvere" */ = {
			isa = XCConfigurationList;
			buildConfigurations = (
				CC20B1BA1959A41B0084E3AB /* Debug */,
				CC20B1BB1959A41B0084E3AB /* Release */,
			);
			defaultConfigurationIsVisible = 0;
			defaultConfigurationName = Release;
		};
		CC20B1BC1959A41B0084E3AB /* Build configuration list for PBXNativeTarget "iEvereTests" */ = {
			isa = XCConfigurationList;
			buildConfigurations = (
				CC20B1BD1959A41B0084E3AB /* Debug */,
				CC20B1BE1959A41B0084E3AB /* Release */,
			);
			defaultConfigurationIsVisible = 0;
			defaultConfigurationName = Release;
		};
/* End XCConfigurationList section */

/* Begin XCVersionGroup section */
		CC20B19E1959A41B0084E3AB /* iEvere.xcdatamodeld */ = {
			isa = XCVersionGroup;
			children = (
				CC20B19F1959A41B0084E3AB /* iEvere.xcdatamodel */,
			);
			currentVersion = CC20B19F1959A41B0084E3AB /* iEvere.xcdatamodel */;
			path = iEvere.xcdatamodeld;
			sourceTree = "<group>";
			versionGroupType = wrapper.xcdatamodel;
		};
/* End XCVersionGroup section */
	};
	rootObject = CC20B17F1959A41B0084E3AB /* Project object */;
}
